
Microsoft Visual Studio Solution File, Format Version 12.00
# Visual Studio 15
VisualStudioVersion = 15.0.25618.0
MinimumVisualStudioVersion = 10.0.40219.1
Project("{FAE04EC0-301F-11D3-BF4B-00C04F79EFBC}") = "MarketWatch", "MarketWatch\MarketWatch.csproj", "{F909DCB7-29FF-48A3-9CF3-479C17B434EE}"
EndProject
Global
	GlobalSection(SolutionConfigurationPlatforms) = preSolution
		Debug|Any CPU = Debug|Any CPU
		Release|Any CPU = Release|Any CPU
	EndGlobalSection
	GlobalSection(ProjectConfigurationPlatforms) = postSolution
		{F909DCB7-29FF-48A3-9CF3-479C17B434EE}.Debug|Any CPU.ActiveCfg = Debug|Any CPU
		{F909DCB7-29FF-48A3-9CF3-479C17B434EE}.Debug|Any CPU.Build.0 = Debug|Any CPU
		{F909DCB7-29FF-48A3-9CF3-479C17B434EE}.Release|Any CPU.ActiveCfg = Release|Any CPU
		{F909DCB7-29FF-48A3-9CF3-479C17B434EE}.Release|Any CPU.Build.0 = Release|Any CPU
	EndGlobalSection
	GlobalSection(SolutionProperties) = preSolution
		HideSolutionNode = FALSE
	EndGlobalSection
EndGlobal
